
Microsoft Visual Studio Solution File, Format Version 12.00
Project("{FAE04EC0-301F-11D3-BF4B-00C04F79EFBC}") = "FirstSomethingProj", "FirstSomethingProj\FirstSomethingProj.csproj", "{655CDAE0-9B8E-4E4F-98D6-796909145952}"
EndProject
Project("{FAE04EC0-301F-11D3-BF4B-00C04F79EFBC}") = "StoryTellingBot", "StoryTellingBot\StoryTellingBot.csproj", "{C7806258-4758-457F-B1C7-FC197D27100C}"
EndProject
Project("{FAE04EC0-301F-11D3-BF4B-00C04F79EFBC}") = "TgBotWeb", "TgBotWeb\TgBotWeb.csproj", "{ABFD8BB2-887C-4A16-8A07-826632E27BA6}"
EndProject
Project("{FAE04EC0-301F-11D3-BF4B-00C04F79EFBC}") = "TgBotSandBox", "TgBotSandBox\TgBotSandBox.csproj", "{9DBC2C30-970D-4EAF-9438-AB9565313EBB}"
EndProject
Project("{FAE04EC0-301F-11D3-BF4B-00C04F79EFBC}") = "AlgorithmTasks", "AlgorithmTasks\AlgorithmTasks.csproj", "{C0DB983D-0978-459A-8613-2641D68CC4DB}"
EndProject
Project("{FAE04EC0-301F-11D3-BF4B-00C04F79EFBC}") = "MintTreeSearcher", "MintTreeSearcher\MintTreeSearcher.csproj", "{DE6FD9DF-8D59-4879-8F5F-B3D8320D08FF}"
EndProject
Project("{FAE04EC0-301F-11D3-BF4B-00C04F79EFBC}") = "ClaimSteelTree", "ClaimSteelTree\ClaimSteelTree.csproj", "{82E04408-EAA1-406D-AD3F-7FBA3001EDF9}"
EndProject
Project("{FAE04EC0-301F-11D3-BF4B-00C04F79EFBC}") = "LeaderboardTreeChecker", "LeaderboardTreeChecker\LeaderboardTreeChecker.csproj", "{9497C342-7CA0-4BBA-BF39-53BAED8ADC4E}"
EndProject
Project("{FAE04EC0-301F-11D3-BF4B-00C04F79EFBC}") = "MintForestBase", "MintForestBase\MintForestBase.csproj", "{E75ADCEF-FA6F-45B6-BA4B-BF4A80702964}"
EndProject
Global
	GlobalSection(SolutionConfigurationPlatforms) = preSolution
		Debug|Any CPU = Debug|Any CPU
		Release|Any CPU = Release|Any CPU
	EndGlobalSection
	GlobalSection(ProjectConfigurationPlatforms) = postSolution
		{655CDAE0-9B8E-4E4F-98D6-796909145952}.Debug|Any CPU.ActiveCfg = Debug|Any CPU
		{655CDAE0-9B8E-4E4F-98D6-796909145952}.Debug|Any CPU.Build.0 = Debug|Any CPU
		{655CDAE0-9B8E-4E4F-98D6-796909145952}.Release|Any CPU.ActiveCfg = Release|Any CPU
		{655CDAE0-9B8E-4E4F-98D6-796909145952}.Release|Any CPU.Build.0 = Release|Any CPU
		{C7806258-4758-457F-B1C7-FC197D27100C}.Debug|Any CPU.ActiveCfg = Debug|Any CPU
		{C7806258-4758-457F-B1C7-FC197D27100C}.Debug|Any CPU.Build.0 = Debug|Any CPU
		{C7806258-4758-457F-B1C7-FC197D27100C}.Release|Any CPU.ActiveCfg = Release|Any CPU
		{C7806258-4758-457F-B1C7-FC197D27100C}.Release|Any CPU.Build.0 = Release|Any CPU
		{ABFD8BB2-887C-4A16-8A07-826632E27BA6}.Debug|Any CPU.ActiveCfg = Debug|Any CPU
		{ABFD8BB2-887C-4A16-8A07-826632E27BA6}.Debug|Any CPU.Build.0 = Debug|Any CPU
		{ABFD8BB2-887C-4A16-8A07-826632E27BA6}.Release|Any CPU.ActiveCfg = Release|Any CPU
		{ABFD8BB2-887C-4A16-8A07-826632E27BA6}.Release|Any CPU.Build.0 = Release|Any CPU
		{9DBC2C30-970D-4EAF-9438-AB9565313EBB}.Debug|Any CPU.ActiveCfg = Debug|Any CPU
		{9DBC2C30-970D-4EAF-9438-AB9565313EBB}.Debug|Any CPU.Build.0 = Debug|Any CPU
		{9DBC2C30-970D-4EAF-9438-AB9565313EBB}.Release|Any CPU.ActiveCfg = Release|Any CPU
		{9DBC2C30-970D-4EAF-9438-AB9565313EBB}.Release|Any CPU.Build.0 = Release|Any CPU
		{C0DB983D-0978-459A-8613-2641D68CC4DB}.Debug|Any CPU.ActiveCfg = Debug|Any CPU
		{C0DB983D-0978-459A-8613-2641D68CC4DB}.Debug|Any CPU.Build.0 = Debug|Any CPU
		{C0DB983D-0978-459A-8613-2641D68CC4DB}.Release|Any CPU.ActiveCfg = Release|Any CPU
		{C0DB983D-0978-459A-8613-2641D68CC4DB}.Release|Any CPU.Build.0 = Release|Any CPU
		{DE6FD9DF-8D59-4879-8F5F-B3D8320D08FF}.Debug|Any CPU.ActiveCfg = Debug|Any CPU
		{DE6FD9DF-8D59-4879-8F5F-B3D8320D08FF}.Debug|Any CPU.Build.0 = Debug|Any CPU
		{DE6FD9DF-8D59-4879-8F5F-B3D8320D08FF}.Release|Any CPU.ActiveCfg = Release|Any CPU
		{DE6FD9DF-8D59-4879-8F5F-B3D8320D08FF}.Release|Any CPU.Build.0 = Release|Any CPU
		{82E04408-EAA1-406D-AD3F-7FBA3001EDF9}.Debug|Any CPU.ActiveCfg = Debug|Any CPU
		{82E04408-EAA1-406D-AD3F-7FBA3001EDF9}.Debug|Any CPU.Build.0 = Debug|Any CPU
		{82E04408-EAA1-406D-AD3F-7FBA3001EDF9}.Release|Any CPU.ActiveCfg = Release|Any CPU
		{82E04408-EAA1-406D-AD3F-7FBA3001EDF9}.Release|Any CPU.Build.0 = Release|Any CPU
		{9497C342-7CA0-4BBA-BF39-53BAED8ADC4E}.Debug|Any CPU.ActiveCfg = Debug|Any CPU
		{9497C342-7CA0-4BBA-BF39-53BAED8ADC4E}.Debug|Any CPU.Build.0 = Debug|Any CPU
		{9497C342-7CA0-4BBA-BF39-53BAED8ADC4E}.Release|Any CPU.ActiveCfg = Release|Any CPU
		{9497C342-7CA0-4BBA-BF39-53BAED8ADC4E}.Release|Any CPU.Build.0 = Release|Any CPU
		{E75ADCEF-FA6F-45B6-BA4B-BF4A80702964}.Debug|Any CPU.ActiveCfg = Debug|Any CPU
		{E75ADCEF-FA6F-45B6-BA4B-BF4A80702964}.Debug|Any CPU.Build.0 = Debug|Any CPU
		{E75ADCEF-FA6F-45B6-BA4B-BF4A80702964}.Release|Any CPU.ActiveCfg = Release|Any CPU
		{E75ADCEF-FA6F-45B6-BA4B-BF4A80702964}.Release|Any CPU.Build.0 = Release|Any CPU
	EndGlobalSection
EndGlobal
